
Microsoft Visual Studio Solution File, Format Version 12.00
# Visual Studio 14
VisualStudioVersion = 14.0.25123.0
MinimumVisualStudioVersion = 10.0.40219.1
Project("{FAE04EC0-301F-11D3-BF4B-00C04F79EFBC}") = "ConcurrentCalls2", "ConcurrentCalls2\ConcurrentCalls2.csproj", "{01AFFB93-8D10-4A12-9D84-0E75B2688E7F}"
EndProject
Global
	GlobalSection(SolutionConfigurationPlatforms) = preSolution
		Debug|Any CPU = Debug|Any CPU
		Release|Any CPU = Release|Any CPU
	EndGlobalSection
	GlobalSection(ProjectConfigurationPlatforms) = postSolution
		{01AFFB93-8D10-4A12-9D84-0E75B2688E7F}.Debug|Any CPU.ActiveCfg = Debug|Any CPU
		{01AFFB93-8D10-4A12-9D84-0E75B2688E7F}.Debug|Any CPU.Build.0 = Debug|Any CPU
		{01AFFB93-8D10-4A12-9D84-0E75B2688E7F}.Release|Any CPU.ActiveCfg = Release|Any CPU
		{01AFFB93-8D10-4A12-9D84-0E75B2688E7F}.Release|Any CPU.Build.0 = Release|Any CPU
	EndGlobalSection
	GlobalSection(SolutionProperties) = preSolution
		HideSolutionNode = FALSE
	EndGlobalSection
EndGlobal
